
Microsoft Visual Studio Solution File, Format Version 12.00
# Visual Studio Version 16
VisualStudioVersion = 16.0.31105.61
MinimumVisualStudioVersion = 10.0.40219.1
Project("{FAE04EC0-301F-11D3-BF4B-00C04F79EFBC}") = "100 Doors", "Rosetta Code\100 Doors.csproj", "{3EDA84EE-014B-448B-B01C-D82FB193B6EC}"
EndProject
Global
	GlobalSection(SolutionConfigurationPlatforms) = preSolution
		Debug|Any CPU = Debug|Any CPU
		Release|Any CPU = Release|Any CPU
	EndGlobalSection
	GlobalSection(ProjectConfigurationPlatforms) = postSolution
		{3EDA84EE-014B-448B-B01C-D82FB193B6EC}.Debug|Any CPU.ActiveCfg = Debug|Any CPU
		{3EDA84EE-014B-448B-B01C-D82FB193B6EC}.Debug|Any CPU.Build.0 = Debug|Any CPU
		{3EDA84EE-014B-448B-B01C-D82FB193B6EC}.Release|Any CPU.ActiveCfg = Release|Any CPU
		{3EDA84EE-014B-448B-B01C-D82FB193B6EC}.Release|Any CPU.Build.0 = Release|Any CPU
	EndGlobalSection
	GlobalSection(SolutionProperties) = preSolution
		HideSolutionNode = FALSE
	EndGlobalSection
	GlobalSection(ExtensibilityGlobals) = postSolution
		SolutionGuid = {FA8F2607-6EEC-4483-AE85-28FBB9DF54E3}
	EndGlobalSection
EndGlobal
